
Microsoft Visual Studio Solution File, Format Version 12.00
# Visual Studio Version 16
VisualStudioVersion = 16.0.29318.209
MinimumVisualStudioVersion = 10.0.40219.1
Project("{FAE04EC0-301F-11D3-BF4B-00C04F79EFBC}") = "EstudoSkia.Android", "EstudoSkia.Android\EstudoSkia.Android.csproj", "{74B048C6-64EF-4638-BEC4-761666878147}"
EndProject
Project("{FAE04EC0-301F-11D3-BF4B-00C04F79EFBC}") = "EstudoSkia", "EstudoSkia\EstudoSkia.csproj", "{8C48476B-25CA-481F-AF50-5F56632EF1A0}"
EndProject
Global
	GlobalSection(SolutionConfigurationPlatforms) = preSolution
		Debug|Any CPU = Debug|Any CPU
		Release|Any CPU = Release|Any CPU
	EndGlobalSection
	GlobalSection(ProjectConfigurationPlatforms) = postSolution
		{74B048C6-64EF-4638-BEC4-761666878147}.Debug|Any CPU.ActiveCfg = Debug|Any CPU
		{74B048C6-64EF-4638-BEC4-761666878147}.Debug|Any CPU.Build.0 = Debug|Any CPU
		{74B048C6-64EF-4638-BEC4-761666878147}.Debug|Any CPU.Deploy.0 = Debug|Any CPU
		{74B048C6-64EF-4638-BEC4-761666878147}.Release|Any CPU.ActiveCfg = Release|Any CPU
		{74B048C6-64EF-4638-BEC4-761666878147}.Release|Any CPU.Build.0 = Release|Any CPU
		{74B048C6-64EF-4638-BEC4-761666878147}.Release|Any CPU.Deploy.0 = Release|Any CPU
		{8C48476B-25CA-481F-AF50-5F56632EF1A0}.Debug|Any CPU.ActiveCfg = Debug|Any CPU
		{8C48476B-25CA-481F-AF50-5F56632EF1A0}.Debug|Any CPU.Build.0 = Debug|Any CPU
		{8C48476B-25CA-481F-AF50-5F56632EF1A0}.Debug|Any CPU.Deploy.0 = Debug|Any CPU
		{8C48476B-25CA-481F-AF50-5F56632EF1A0}.Release|Any CPU.ActiveCfg = Release|Any CPU
		{8C48476B-25CA-481F-AF50-5F56632EF1A0}.Release|Any CPU.Build.0 = Release|Any CPU
		{8C48476B-25CA-481F-AF50-5F56632EF1A0}.Release|Any CPU.Deploy.0 = Release|Any CPU
	EndGlobalSection
	GlobalSection(SolutionProperties) = preSolution
		HideSolutionNode = FALSE
	EndGlobalSection
	GlobalSection(ExtensibilityGlobals) = postSolution
		SolutionGuid = {DB8FEB0B-6E0F-4032-AD68-11A95B2808DA}
	EndGlobalSection
EndGlobal
